
Microsoft Visual Studio Solution File, Format Version 12.00
# Visual Studio Version 17
VisualStudioVersion = 17.0.31808.319
MinimumVisualStudioVersion = 10.0.40219.1
Project("{9A19103F-16F7-4668-BE54-9A1E7A4F7556}") = "Al.Components.Blazor.DataGrid", "Al.Components.Blazor.DataGrid\Al.Components.Blazor.DataGrid.csproj", "{6CFBA19B-FA3B-4156-B214-A05B6389C795}"
EndProject
Project("{9A19103F-16F7-4668-BE54-9A1E7A4F7556}") = "ConsoleApp", "ConsoleApp\ConsoleApp.csproj", "{8663FBB6-0F7E-4DA1-B9C8-F400655EEA55}"
EndProject
Project("{9A19103F-16F7-4668-BE54-9A1E7A4F7556}") = "Al.Components.Blazor.DataGrid.Model", "Al.Components.Blazor.DataGrid.Model\Al.Components.Blazor.DataGrid.Model.csproj", "{9A367C63-AD5B-4B1A-BFF4-173EF77AFE6E}"
EndProject
Project("{9A19103F-16F7-4668-BE54-9A1E7A4F7556}") = "Al.Components.Blazor.DataGrid.Model.Data", "Al.Components.Blazor.DataGrid.Model.Data\Al.Components.Blazor.DataGrid.Model.Data.csproj", "{046450EA-167C-41CF-868B-F675D6BBE00F}"
EndProject
Global
	GlobalSection(SolutionConfigurationPlatforms) = preSolution
		Debug|Any CPU = Debug|Any CPU
		Release|Any CPU = Release|Any CPU
	EndGlobalSection
	GlobalSection(ProjectConfigurationPlatforms) = postSolution
		{6CFBA19B-FA3B-4156-B214-A05B6389C795}.Debug|Any CPU.ActiveCfg = Debug|Any CPU
		{6CFBA19B-FA3B-4156-B214-A05B6389C795}.Debug|Any CPU.Build.0 = Debug|Any CPU
		{6CFBA19B-FA3B-4156-B214-A05B6389C795}.Release|Any CPU.ActiveCfg = Release|Any CPU
		{6CFBA19B-FA3B-4156-B214-A05B6389C795}.Release|Any CPU.Build.0 = Release|Any CPU
		{8663FBB6-0F7E-4DA1-B9C8-F400655EEA55}.Debug|Any CPU.ActiveCfg = Debug|Any CPU
		{8663FBB6-0F7E-4DA1-B9C8-F400655EEA55}.Debug|Any CPU.Build.0 = Debug|Any CPU
		{8663FBB6-0F7E-4DA1-B9C8-F400655EEA55}.Release|Any CPU.ActiveCfg = Release|Any CPU
		{8663FBB6-0F7E-4DA1-B9C8-F400655EEA55}.Release|Any CPU.Build.0 = Release|Any CPU
		{9A367C63-AD5B-4B1A-BFF4-173EF77AFE6E}.Debug|Any CPU.ActiveCfg = Debug|Any CPU
		{9A367C63-AD5B-4B1A-BFF4-173EF77AFE6E}.Debug|Any CPU.Build.0 = Debug|Any CPU
		{9A367C63-AD5B-4B1A-BFF4-173EF77AFE6E}.Release|Any CPU.ActiveCfg = Release|Any CPU
		{9A367C63-AD5B-4B1A-BFF4-173EF77AFE6E}.Release|Any CPU.Build.0 = Release|Any CPU
		{046450EA-167C-41CF-868B-F675D6BBE00F}.Debug|Any CPU.ActiveCfg = Debug|Any CPU
		{046450EA-167C-41CF-868B-F675D6BBE00F}.Debug|Any CPU.Build.0 = Debug|Any CPU
		{046450EA-167C-41CF-868B-F675D6BBE00F}.Release|Any CPU.ActiveCfg = Release|Any CPU
		{046450EA-167C-41CF-868B-F675D6BBE00F}.Release|Any CPU.Build.0 = Release|Any CPU
	EndGlobalSection
	GlobalSection(SolutionProperties) = preSolution
		HideSolutionNode = FALSE
	EndGlobalSection
	GlobalSection(ExtensibilityGlobals) = postSolution
		SolutionGuid = {4206ED0C-1554-40ED-B0B7-F1A9995DC6BD}
	EndGlobalSection
EndGlobal
